
Microsoft Visual Studio Solution File, Format Version 12.00
# Visual Studio 15
VisualStudioVersion = 15.0.28010.2050
MinimumVisualStudioVersion = 10.0.40219.1
Project("{FAE04EC0-301F-11D3-BF4B-00C04F79EFBC}") = "appleTree", "appleTree\appleTree.csproj", "{1B57776F-D113-4352-B3EE-128D54C7928B}"
EndProject
Global
	GlobalSection(SolutionConfigurationPlatforms) = preSolution
		Debug|Any CPU = Debug|Any CPU
		Release|Any CPU = Release|Any CPU
	EndGlobalSection
	GlobalSection(ProjectConfigurationPlatforms) = postSolution
		{1B57776F-D113-4352-B3EE-128D54C7928B}.Debug|Any CPU.ActiveCfg = Debug|Any CPU
		{1B57776F-D113-4352-B3EE-128D54C7928B}.Debug|Any CPU.Build.0 = Debug|Any CPU
		{1B57776F-D113-4352-B3EE-128D54C7928B}.Release|Any CPU.ActiveCfg = Release|Any CPU
		{1B57776F-D113-4352-B3EE-128D54C7928B}.Release|Any CPU.Build.0 = Release|Any CPU
	EndGlobalSection
	GlobalSection(SolutionProperties) = preSolution
		HideSolutionNode = FALSE
	EndGlobalSection
	GlobalSection(ExtensibilityGlobals) = postSolution
		SolutionGuid = {D9121F9F-B110-4E54-B7A3-3BF2D3FE8157}
	EndGlobalSection
EndGlobal
